
Microsoft Visual Studio Solution File, Format Version 12.00
# Visual Studio Version 17
VisualStudioVersion = 17.3.32922.545
MinimumVisualStudioVersion = 10.0.40219.1
Project("{9A19103F-16F7-4668-BE54-9A1E7A4F7556}") = "FlightsBookingAPI", "src\FlightsBookingAPI\FlightsBookingAPI.csproj", "{4EB44128-FB6E-4A28-807F-1B549CFF2DF7}"
EndProject
Project("{FAE04EC0-301F-11D3-BF4B-00C04F79EFBC}") = "FlightsBooking", "FlightsBooking\FlightsBooking.csproj", "{EFA5D8D5-2500-4239-AADE-3DB652A347FD}"
EndProject
Global
	GlobalSection(SolutionConfigurationPlatforms) = preSolution
		Debug|Any CPU = Debug|Any CPU
		Release|Any CPU = Release|Any CPU
	EndGlobalSection
	GlobalSection(ProjectConfigurationPlatforms) = postSolution
		{4EB44128-FB6E-4A28-807F-1B549CFF2DF7}.Debug|Any CPU.ActiveCfg = Debug|Any CPU
		{4EB44128-FB6E-4A28-807F-1B549CFF2DF7}.Debug|Any CPU.Build.0 = Debug|Any CPU
		{4EB44128-FB6E-4A28-807F-1B549CFF2DF7}.Release|Any CPU.ActiveCfg = Release|Any CPU
		{4EB44128-FB6E-4A28-807F-1B549CFF2DF7}.Release|Any CPU.Build.0 = Release|Any CPU
		{EFA5D8D5-2500-4239-AADE-3DB652A347FD}.Debug|Any CPU.ActiveCfg = Debug|Any CPU
		{EFA5D8D5-2500-4239-AADE-3DB652A347FD}.Debug|Any CPU.Build.0 = Debug|Any CPU
		{EFA5D8D5-2500-4239-AADE-3DB652A347FD}.Release|Any CPU.ActiveCfg = Release|Any CPU
		{EFA5D8D5-2500-4239-AADE-3DB652A347FD}.Release|Any CPU.Build.0 = Release|Any CPU
	EndGlobalSection
	GlobalSection(SolutionProperties) = preSolution
		HideSolutionNode = FALSE
	EndGlobalSection
	GlobalSection(ExtensibilityGlobals) = postSolution
		SolutionGuid = {801EE2F7-157D-456C-89C2-7145A3643912}
	EndGlobalSection
EndGlobal
