
Microsoft Visual Studio Solution File, Format Version 12.00
# Visual Studio Version 17
VisualStudioVersion = 17.3.32825.248
MinimumVisualStudioVersion = 10.0.40219.1
Project("{9A19103F-16F7-4668-BE54-9A1E7A4F7556}") = "Accomodation", "Accomodation\Accomodation.csproj", "{5579223D-7564-4EE8-BF4E-C3DF3D36E92E}"
EndProject
Project("{2150E333-8FDC-42A3-9474-1A3956D46DE8}") = "Core", "Core", "{70D0A0D0-4ADA-44CB-AF9A-F4F297E49B7F}"
EndProject
Project("{2150E333-8FDC-42A3-9474-1A3956D46DE8}") = "External", "External", "{1AA6B984-6A50-4157-925B-38CF7B2BB7B2}"
EndProject
Project("{9A19103F-16F7-4668-BE54-9A1E7A4F7556}") = "Accomodation.Application", "Application\Accomodation.Application.csproj", "{EA92E13B-2612-472A-86C5-B98908FE1C52}"
EndProject
Project("{9A19103F-16F7-4668-BE54-9A1E7A4F7556}") = "Accomodation.Domain", "Domain\Accomodation.Domain.csproj", "{AF0161F0-6AB1-47E7-9B43-B63B1CA213C1}"
EndProject
Project("{9A19103F-16F7-4668-BE54-9A1E7A4F7556}") = "Accomodation.Infrastructure", "Infrastructure\Accomodation.Infrastructure.csproj", "{229A0CB2-4CED-4045-91E1-FA4CD4AD7FE7}"
EndProject
Project("{9A19103F-16F7-4668-BE54-9A1E7A4F7556}") = "Accomodation.Presentation", "Presentation\Accomodation.Presentation.csproj", "{AD652912-739C-4B6C-9439-7A30980BF3F9}"
EndProject
Project("{2150E333-8FDC-42A3-9474-1A3956D46DE8}") = "AccomodationMicroservice", "AccomodationMicroservice", "{7226E182-60C3-48E8-8022-A3A7E9426AE5}"
EndProject
Project("{2150E333-8FDC-42A3-9474-1A3956D46DE8}") = "AccomodationGradingMicroservice", "AccomodationGradingMicroservice", "{8EB0CDC3-1AE5-4A9F-B1CD-0862E07D9FAE}"
EndProject
Project("{2150E333-8FDC-42A3-9474-1A3956D46DE8}") = "NotificationMicroservice", "NotificationMicroservice", "{04786C4B-BD47-42D8-8F6B-773328013BC6}"
EndProject
Project("{2150E333-8FDC-42A3-9474-1A3956D46DE8}") = "AccomodationSuggestionMicroservice", "AccomodationSuggestionMicroservice", "{2D1B9AAE-83B9-407D-9333-D8B23A0E4E98}"
EndProject
Project("{2150E333-8FDC-42A3-9474-1A3956D46DE8}") = "Core", "Core", "{C51FEA84-35CB-45F7-A740-EF3F4968F9CF}"
EndProject
Project("{2150E333-8FDC-42A3-9474-1A3956D46DE8}") = "External", "External", "{BD0C8734-2195-48D4-9BC3-610264F74E28}"
EndProject
Project("{2150E333-8FDC-42A3-9474-1A3956D46DE8}") = "Core", "Core", "{F81067C9-920F-4FAA-8EE8-866C4CD034AB}"
EndProject
Project("{2150E333-8FDC-42A3-9474-1A3956D46DE8}") = "External", "External", "{C64CDB2A-DBB6-43CD-8D14-9141BF68C8FA}"
EndProject
Project("{2150E333-8FDC-42A3-9474-1A3956D46DE8}") = "Core", "Core", "{0EF5AEA2-87CD-4DC2-A257-3316EE575DB8}"
EndProject
Project("{2150E333-8FDC-42A3-9474-1A3956D46DE8}") = "External", "External", "{065D167E-2344-4303-A05A-B4D0F53F6A68}"
EndProject
Project("{9A19103F-16F7-4668-BE54-9A1E7A4F7556}") = "AccomodationGrading", "AccomodationGrading\AccomodationGrading.csproj", "{DB082338-23EC-46F6-BA21-CBA737E20F3B}"
EndProject
Project("{9A19103F-16F7-4668-BE54-9A1E7A4F7556}") = "AccomodationSuggestion", "AccomodationSuggestion\AccomodationSuggestion.csproj", "{57EEC3DB-7602-4035-ABCF-0A97C792CEBF}"
EndProject
Project("{9A19103F-16F7-4668-BE54-9A1E7A4F7556}") = "Notification", "Notification\Notification.csproj", "{1F202709-EC6A-4442-8402-461E8C5362F1}"
EndProject
Project("{9A19103F-16F7-4668-BE54-9A1E7A4F7556}") = "AccomodationGrading.Application", "AccomodationGrading.Application\AccomodationGrading.Application.csproj", "{68D70CBB-637C-4720-B97D-C30F7F753152}"
EndProject
Project("{9A19103F-16F7-4668-BE54-9A1E7A4F7556}") = "AccomodationGrading.Presentation", "AccomodationGrading.Presentation\AccomodationGrading.Presentation.csproj", "{D07756FF-EFAD-48C4-9DE5-12EB1FB4654E}"
EndProject
Project("{9A19103F-16F7-4668-BE54-9A1E7A4F7556}") = "AccomodationGrading.Infrastructure", "Accomodation.Infrastructure\AccomodationGrading.Infrastructure.csproj", "{3D025909-1814-4572-8213-FE50726BE4D9}"
EndProject
Project("{9A19103F-16F7-4668-BE54-9A1E7A4F7556}") = "AccomodationSuggestion.Application", "AccomodationSuggestion.Application\AccomodationSuggestion.Application.csproj", "{9945B9A8-B539-4168-A78E-603959648D75}"
EndProject
Project("{9A19103F-16F7-4668-BE54-9A1E7A4F7556}") = "AccomodationSuggestion.Presentation", "AccomodationSuggestion.Presentation\AccomodationSuggestion.Presentation.csproj", "{C586FBF0-09F4-4384-B242-6C839E610EB1}"
EndProject
Project("{9A19103F-16F7-4668-BE54-9A1E7A4F7556}") = "AccomodationSuggestion.Infrastructure", "AccomodationSuggestion.Infrastructure\AccomodationSuggestion.Infrastructure.csproj", "{40B768A4-4A3D-4CE3-AD41-3C69A058A7D5}"
EndProject
Project("{9A19103F-16F7-4668-BE54-9A1E7A4F7556}") = "Notification.Application", "Notification.Application\Notification.Application.csproj", "{49388DB3-7AE2-4929-A098-E0ACD1991A7F}"
EndProject
Project("{9A19103F-16F7-4668-BE54-9A1E7A4F7556}") = "Notification.Infrastructure", "Notification.Infrastructure\Notification.Infrastructure.csproj", "{90420310-966E-438D-AE3C-3E868842A8A6}"
EndProject
Project("{9A19103F-16F7-4668-BE54-9A1E7A4F7556}") = "Notification.Presentation", "Notification.Presentation\Notification.Presentation.csproj", "{993EB31A-9C2C-41B6-B275-E0792E0DBF63}"
EndProject
Project("{9A19103F-16F7-4668-BE54-9A1E7A4F7556}") = "AccomodationGrading.Domain", "AccomodationGrading.Domain\AccomodationGrading.Domain.csproj", "{55AC1023-E340-4A75-9BDA-2D9557545EFD}"
EndProject
Project("{9A19103F-16F7-4668-BE54-9A1E7A4F7556}") = "AccomodationSuggestion.Domain", "AccomodationSuggestion.Domain\AccomodationSuggestion.Domain.csproj", "{657F048B-6B8C-4885-9F50-303D253A41E7}"
EndProject
Project("{9A19103F-16F7-4668-BE54-9A1E7A4F7556}") = "Notification.Domain", "Notification.Domain\Notification.Domain.csproj", "{6DD1B768-C687-488B-902C-9885E4993DF1}"
EndProject
Project("{2150E333-8FDC-42A3-9474-1A3956D46DE8}") = "UserManagementMicroservice", "UserManagementMicroservice", "{6C757CF0-081D-411A-9DB6-646BA9D8877E}"
EndProject
Project("{2150E333-8FDC-42A3-9474-1A3956D46DE8}") = "Core", "Core", "{2EBFC2E2-8F00-477B-BA47-001982A6A34A}"
EndProject
Project("{2150E333-8FDC-42A3-9474-1A3956D46DE8}") = "External", "External", "{E49B805F-ACC3-419E-A6AE-301B40C22EF9}"
EndProject
Project("{9A19103F-16F7-4668-BE54-9A1E7A4F7556}") = "UserManagement.Application", "UserManagement.Application\UserManagement.Application.csproj", "{70544612-DBF7-47A2-928C-4D83CE4AF1FF}"
EndProject
Project("{9A19103F-16F7-4668-BE54-9A1E7A4F7556}") = "UserManagement.Domain", "UserManagement.Domain\UserManagement.Domain.csproj", "{41DD3741-0B73-482D-B0B5-5687B793CA3A}"
EndProject
Project("{9A19103F-16F7-4668-BE54-9A1E7A4F7556}") = "UserManagement.Infrastructure", "UserManagement.Infrastructure\UserManagement.Infrastructure.csproj", "{E347056E-E561-463B-BE89-32381D5ED551}"
EndProject
Project("{9A19103F-16F7-4668-BE54-9A1E7A4F7556}") = "UserManagement.Presentation", "UserManagement.Presentation\UserManagement.Presentation.csproj", "{9C33D0C5-2B3E-4317-B452-3AAD79F38826}"
EndProject
Project("{9A19103F-16F7-4668-BE54-9A1E7A4F7556}") = "UserManagement", "UserManagement\UserManagement.csproj", "{CD97328A-1E98-4650-A644-E506CDA7EF35}"
EndProject
Project("{2150E333-8FDC-42A3-9474-1A3956D46DE8}") = "ApiGateway", "ApiGateway", "{63DB7D60-A42D-439C-A1FA-551D5E404E7D}"
EndProject
Project("{9A19103F-16F7-4668-BE54-9A1E7A4F7556}") = "Accomodation.ApiGateway", "Accomodation.ApiGateway\Accomodation.ApiGateway.csproj", "{08220095-283E-4C33-8FD8-B60337FDF947}"
EndProject
Project("{2150E333-8FDC-42A3-9474-1A3956D46DE8}") = "Orchestrator", "Orchestrator", "{0A52370E-FA74-41F0-9878-235BB68C1517}"
EndProject
Project("{9A19103F-16F7-4668-BE54-9A1E7A4F7556}") = "Orchestrator.Api", "Orchestrator.Api\Orchestrator.Api.csproj", "{FD1E7373-1D0F-49F9-969F-3FA562D0D8B9}"
EndProject
Project("{2150E333-8FDC-42A3-9474-1A3956D46DE8}") = "EmailMicroservice", "EmailMicroservice", "{5C509191-4504-4F3C-BD85-38D096AB3C5C}"
EndProject
Project("{9A19103F-16F7-4668-BE54-9A1E7A4F7556}") = "Email.Api", "Email.Api\Email.Api.csproj", "{79819481-E9C3-45CF-8A97-B58D4398D11C}"
EndProject
Project("{2150E333-8FDC-42A3-9474-1A3956D46DE8}") = "SharedEvents", "SharedEvents", "{EDF10448-D2B9-4B5C-B9DA-501AA1AF233A}"
EndProject
Project("{9A19103F-16F7-4668-BE54-9A1E7A4F7556}") = "SharedEvents", "SharedEvents\SharedEvents.csproj", "{BDB58EF7-3859-4725-89E0-C46B5DC5DD96}"
EndProject
Global
	GlobalSection(SolutionConfigurationPlatforms) = preSolution
		Debug|Any CPU = Debug|Any CPU
		Release|Any CPU = Release|Any CPU
	EndGlobalSection
	GlobalSection(ProjectConfigurationPlatforms) = postSolution
		{5579223D-7564-4EE8-BF4E-C3DF3D36E92E}.Debug|Any CPU.ActiveCfg = Debug|Any CPU
		{5579223D-7564-4EE8-BF4E-C3DF3D36E92E}.Debug|Any CPU.Build.0 = Debug|Any CPU
		{5579223D-7564-4EE8-BF4E-C3DF3D36E92E}.Release|Any CPU.ActiveCfg = Release|Any CPU
		{5579223D-7564-4EE8-BF4E-C3DF3D36E92E}.Release|Any CPU.Build.0 = Release|Any CPU
		{EA92E13B-2612-472A-86C5-B98908FE1C52}.Debug|Any CPU.ActiveCfg = Debug|Any CPU
		{EA92E13B-2612-472A-86C5-B98908FE1C52}.Debug|Any CPU.Build.0 = Debug|Any CPU
		{EA92E13B-2612-472A-86C5-B98908FE1C52}.Release|Any CPU.ActiveCfg = Release|Any CPU
		{EA92E13B-2612-472A-86C5-B98908FE1C52}.Release|Any CPU.Build.0 = Release|Any CPU
		{AF0161F0-6AB1-47E7-9B43-B63B1CA213C1}.Debug|Any CPU.ActiveCfg = Debug|Any CPU
		{AF0161F0-6AB1-47E7-9B43-B63B1CA213C1}.Debug|Any CPU.Build.0 = Debug|Any CPU
		{AF0161F0-6AB1-47E7-9B43-B63B1CA213C1}.Release|Any CPU.ActiveCfg = Release|Any CPU
		{AF0161F0-6AB1-47E7-9B43-B63B1CA213C1}.Release|Any CPU.Build.0 = Release|Any CPU
		{229A0CB2-4CED-4045-91E1-FA4CD4AD7FE7}.Debug|Any CPU.ActiveCfg = Debug|Any CPU
		{229A0CB2-4CED-4045-91E1-FA4CD4AD7FE7}.Debug|Any CPU.Build.0 = Debug|Any CPU
		{229A0CB2-4CED-4045-91E1-FA4CD4AD7FE7}.Release|Any CPU.ActiveCfg = Release|Any CPU
		{229A0CB2-4CED-4045-91E1-FA4CD4AD7FE7}.Release|Any CPU.Build.0 = Release|Any CPU
		{AD652912-739C-4B6C-9439-7A30980BF3F9}.Debug|Any CPU.ActiveCfg = Debug|Any CPU
		{AD652912-739C-4B6C-9439-7A30980BF3F9}.Debug|Any CPU.Build.0 = Debug|Any CPU
		{AD652912-739C-4B6C-9439-7A30980BF3F9}.Release|Any CPU.ActiveCfg = Release|Any CPU
		{AD652912-739C-4B6C-9439-7A30980BF3F9}.Release|Any CPU.Build.0 = Release|Any CPU
		{DB082338-23EC-46F6-BA21-CBA737E20F3B}.Debug|Any CPU.ActiveCfg = Debug|Any CPU
		{DB082338-23EC-46F6-BA21-CBA737E20F3B}.Debug|Any CPU.Build.0 = Debug|Any CPU
		{DB082338-23EC-46F6-BA21-CBA737E20F3B}.Release|Any CPU.ActiveCfg = Release|Any CPU
		{DB082338-23EC-46F6-BA21-CBA737E20F3B}.Release|Any CPU.Build.0 = Release|Any CPU
		{57EEC3DB-7602-4035-ABCF-0A97C792CEBF}.Debug|Any CPU.ActiveCfg = Debug|Any CPU
		{57EEC3DB-7602-4035-ABCF-0A97C792CEBF}.Debug|Any CPU.Build.0 = Debug|Any CPU
		{57EEC3DB-7602-4035-ABCF-0A97C792CEBF}.Release|Any CPU.ActiveCfg = Release|Any CPU
		{57EEC3DB-7602-4035-ABCF-0A97C792CEBF}.Release|Any CPU.Build.0 = Release|Any CPU
		{1F202709-EC6A-4442-8402-461E8C5362F1}.Debug|Any CPU.ActiveCfg = Debug|Any CPU
		{1F202709-EC6A-4442-8402-461E8C5362F1}.Debug|Any CPU.Build.0 = Debug|Any CPU
		{1F202709-EC6A-4442-8402-461E8C5362F1}.Release|Any CPU.ActiveCfg = Release|Any CPU
		{1F202709-EC6A-4442-8402-461E8C5362F1}.Release|Any CPU.Build.0 = Release|Any CPU
		{68D70CBB-637C-4720-B97D-C30F7F753152}.Debug|Any CPU.ActiveCfg = Debug|Any CPU
		{68D70CBB-637C-4720-B97D-C30F7F753152}.Debug|Any CPU.Build.0 = Debug|Any CPU
		{68D70CBB-637C-4720-B97D-C30F7F753152}.Release|Any CPU.ActiveCfg = Release|Any CPU
		{68D70CBB-637C-4720-B97D-C30F7F753152}.Release|Any CPU.Build.0 = Release|Any CPU
		{D07756FF-EFAD-48C4-9DE5-12EB1FB4654E}.Debug|Any CPU.ActiveCfg = Debug|Any CPU
		{D07756FF-EFAD-48C4-9DE5-12EB1FB4654E}.Debug|Any CPU.Build.0 = Debug|Any CPU
		{D07756FF-EFAD-48C4-9DE5-12EB1FB4654E}.Release|Any CPU.ActiveCfg = Release|Any CPU
		{D07756FF-EFAD-48C4-9DE5-12EB1FB4654E}.Release|Any CPU.Build.0 = Release|Any CPU
		{3D025909-1814-4572-8213-FE50726BE4D9}.Debug|Any CPU.ActiveCfg = Debug|Any CPU
		{3D025909-1814-4572-8213-FE50726BE4D9}.Debug|Any CPU.Build.0 = Debug|Any CPU
		{3D025909-1814-4572-8213-FE50726BE4D9}.Release|Any CPU.ActiveCfg = Release|Any CPU
		{3D025909-1814-4572-8213-FE50726BE4D9}.Release|Any CPU.Build.0 = Release|Any CPU
		{9945B9A8-B539-4168-A78E-603959648D75}.Debug|Any CPU.ActiveCfg = Debug|Any CPU
		{9945B9A8-B539-4168-A78E-603959648D75}.Debug|Any CPU.Build.0 = Debug|Any CPU
		{9945B9A8-B539-4168-A78E-603959648D75}.Release|Any CPU.ActiveCfg = Release|Any CPU
		{9945B9A8-B539-4168-A78E-603959648D75}.Release|Any CPU.Build.0 = Release|Any CPU
		{C586FBF0-09F4-4384-B242-6C839E610EB1}.Debug|Any CPU.ActiveCfg = Debug|Any CPU
		{C586FBF0-09F4-4384-B242-6C839E610EB1}.Debug|Any CPU.Build.0 = Debug|Any CPU
		{C586FBF0-09F4-4384-B242-6C839E610EB1}.Release|Any CPU.ActiveCfg = Release|Any CPU
		{C586FBF0-09F4-4384-B242-6C839E610EB1}.Release|Any CPU.Build.0 = Release|Any CPU
		{40B768A4-4A3D-4CE3-AD41-3C69A058A7D5}.Debug|Any CPU.ActiveCfg = Debug|Any CPU
		{40B768A4-4A3D-4CE3-AD41-3C69A058A7D5}.Debug|Any CPU.Build.0 = Debug|Any CPU
		{40B768A4-4A3D-4CE3-AD41-3C69A058A7D5}.Release|Any CPU.ActiveCfg = Release|Any CPU
		{40B768A4-4A3D-4CE3-AD41-3C69A058A7D5}.Release|Any CPU.Build.0 = Release|Any CPU
		{49388DB3-7AE2-4929-A098-E0ACD1991A7F}.Debug|Any CPU.ActiveCfg = Debug|Any CPU
		{49388DB3-7AE2-4929-A098-E0ACD1991A7F}.Debug|Any CPU.Build.0 = Debug|Any CPU
		{49388DB3-7AE2-4929-A098-E0ACD1991A7F}.Release|Any CPU.ActiveCfg = Release|Any CPU
		{49388DB3-7AE2-4929-A098-E0ACD1991A7F}.Release|Any CPU.Build.0 = Release|Any CPU
		{90420310-966E-438D-AE3C-3E868842A8A6}.Debug|Any CPU.ActiveCfg = Debug|Any CPU
		{90420310-966E-438D-AE3C-3E868842A8A6}.Debug|Any CPU.Build.0 = Debug|Any CPU
		{90420310-966E-438D-AE3C-3E868842A8A6}.Release|Any CPU.ActiveCfg = Release|Any CPU
		{90420310-966E-438D-AE3C-3E868842A8A6}.Release|Any CPU.Build.0 = Release|Any CPU
		{993EB31A-9C2C-41B6-B275-E0792E0DBF63}.Debug|Any CPU.ActiveCfg = Debug|Any CPU
		{993EB31A-9C2C-41B6-B275-E0792E0DBF63}.Debug|Any CPU.Build.0 = Debug|Any CPU
		{993EB31A-9C2C-41B6-B275-E0792E0DBF63}.Release|Any CPU.ActiveCfg = Release|Any CPU
		{993EB31A-9C2C-41B6-B275-E0792E0DBF63}.Release|Any CPU.Build.0 = Release|Any CPU
		{55AC1023-E340-4A75-9BDA-2D9557545EFD}.Debug|Any CPU.ActiveCfg = Debug|Any CPU
		{55AC1023-E340-4A75-9BDA-2D9557545EFD}.Debug|Any CPU.Build.0 = Debug|Any CPU
		{55AC1023-E340-4A75-9BDA-2D9557545EFD}.Release|Any CPU.ActiveCfg = Release|Any CPU
		{55AC1023-E340-4A75-9BDA-2D9557545EFD}.Release|Any CPU.Build.0 = Release|Any CPU
		{657F048B-6B8C-4885-9F50-303D253A41E7}.Debug|Any CPU.ActiveCfg = Debug|Any CPU
		{657F048B-6B8C-4885-9F50-303D253A41E7}.Debug|Any CPU.Build.0 = Debug|Any CPU
		{657F048B-6B8C-4885-9F50-303D253A41E7}.Release|Any CPU.ActiveCfg = Release|Any CPU
		{657F048B-6B8C-4885-9F50-303D253A41E7}.Release|Any CPU.Build.0 = Release|Any CPU
		{6DD1B768-C687-488B-902C-9885E4993DF1}.Debug|Any CPU.ActiveCfg = Debug|Any CPU
		{6DD1B768-C687-488B-902C-9885E4993DF1}.Debug|Any CPU.Build.0 = Debug|Any CPU
		{6DD1B768-C687-488B-902C-9885E4993DF1}.Release|Any CPU.ActiveCfg = Release|Any CPU
		{6DD1B768-C687-488B-902C-9885E4993DF1}.Release|Any CPU.Build.0 = Release|Any CPU
		{70544612-DBF7-47A2-928C-4D83CE4AF1FF}.Debug|Any CPU.ActiveCfg = Debug|Any CPU
		{70544612-DBF7-47A2-928C-4D83CE4AF1FF}.Debug|Any CPU.Build.0 = Debug|Any CPU
		{70544612-DBF7-47A2-928C-4D83CE4AF1FF}.Release|Any CPU.ActiveCfg = Release|Any CPU
		{70544612-DBF7-47A2-928C-4D83CE4AF1FF}.Release|Any CPU.Build.0 = Release|Any CPU
		{41DD3741-0B73-482D-B0B5-5687B793CA3A}.Debug|Any CPU.ActiveCfg = Debug|Any CPU
		{41DD3741-0B73-482D-B0B5-5687B793CA3A}.Debug|Any CPU.Build.0 = Debug|Any CPU
		{41DD3741-0B73-482D-B0B5-5687B793CA3A}.Release|Any CPU.ActiveCfg = Release|Any CPU
		{41DD3741-0B73-482D-B0B5-5687B793CA3A}.Release|Any CPU.Build.0 = Release|Any CPU
		{E347056E-E561-463B-BE89-32381D5ED551}.Debug|Any CPU.ActiveCfg = Debug|Any CPU
		{E347056E-E561-463B-BE89-32381D5ED551}.Debug|Any CPU.Build.0 = Debug|Any CPU
		{E347056E-E561-463B-BE89-32381D5ED551}.Release|Any CPU.ActiveCfg = Release|Any CPU
		{E347056E-E561-463B-BE89-32381D5ED551}.Release|Any CPU.Build.0 = Release|Any CPU
		{9C33D0C5-2B3E-4317-B452-3AAD79F38826}.Debug|Any CPU.ActiveCfg = Debug|Any CPU
		{9C33D0C5-2B3E-4317-B452-3AAD79F38826}.Debug|Any CPU.Build.0 = Debug|Any CPU
		{9C33D0C5-2B3E-4317-B452-3AAD79F38826}.Release|Any CPU.ActiveCfg = Release|Any CPU
		{9C33D0C5-2B3E-4317-B452-3AAD79F38826}.Release|Any CPU.Build.0 = Release|Any CPU
		{CD97328A-1E98-4650-A644-E506CDA7EF35}.Debug|Any CPU.ActiveCfg = Debug|Any CPU
		{CD97328A-1E98-4650-A644-E506CDA7EF35}.Debug|Any CPU.Build.0 = Debug|Any CPU
		{CD97328A-1E98-4650-A644-E506CDA7EF35}.Release|Any CPU.ActiveCfg = Release|Any CPU
		{CD97328A-1E98-4650-A644-E506CDA7EF35}.Release|Any CPU.Build.0 = Release|Any CPU
		{08220095-283E-4C33-8FD8-B60337FDF947}.Debug|Any CPU.ActiveCfg = Debug|Any CPU
		{08220095-283E-4C33-8FD8-B60337FDF947}.Debug|Any CPU.Build.0 = Debug|Any CPU
		{08220095-283E-4C33-8FD8-B60337FDF947}.Release|Any CPU.ActiveCfg = Release|Any CPU
		{08220095-283E-4C33-8FD8-B60337FDF947}.Release|Any CPU.Build.0 = Release|Any CPU
		{FD1E7373-1D0F-49F9-969F-3FA562D0D8B9}.Debug|Any CPU.ActiveCfg = Debug|Any CPU
		{FD1E7373-1D0F-49F9-969F-3FA562D0D8B9}.Debug|Any CPU.Build.0 = Debug|Any CPU
		{FD1E7373-1D0F-49F9-969F-3FA562D0D8B9}.Release|Any CPU.ActiveCfg = Release|Any CPU
		{FD1E7373-1D0F-49F9-969F-3FA562D0D8B9}.Release|Any CPU.Build.0 = Release|Any CPU
		{79819481-E9C3-45CF-8A97-B58D4398D11C}.Debug|Any CPU.ActiveCfg = Debug|Any CPU
		{79819481-E9C3-45CF-8A97-B58D4398D11C}.Debug|Any CPU.Build.0 = Debug|Any CPU
		{79819481-E9C3-45CF-8A97-B58D4398D11C}.Release|Any CPU.ActiveCfg = Release|Any CPU
		{79819481-E9C3-45CF-8A97-B58D4398D11C}.Release|Any CPU.Build.0 = Release|Any CPU
		{BDB58EF7-3859-4725-89E0-C46B5DC5DD96}.Debug|Any CPU.ActiveCfg = Debug|Any CPU
		{BDB58EF7-3859-4725-89E0-C46B5DC5DD96}.Debug|Any CPU.Build.0 = Debug|Any CPU
		{BDB58EF7-3859-4725-89E0-C46B5DC5DD96}.Release|Any CPU.ActiveCfg = Release|Any CPU
		{BDB58EF7-3859-4725-89E0-C46B5DC5DD96}.Release|Any CPU.Build.0 = Release|Any CPU
	EndGlobalSection
	GlobalSection(SolutionProperties) = preSolution
		HideSolutionNode = FALSE
	EndGlobalSection
	GlobalSection(NestedProjects) = preSolution
		{5579223D-7564-4EE8-BF4E-C3DF3D36E92E} = {7226E182-60C3-48E8-8022-A3A7E9426AE5}
		{70D0A0D0-4ADA-44CB-AF9A-F4F297E49B7F} = {7226E182-60C3-48E8-8022-A3A7E9426AE5}
		{1AA6B984-6A50-4157-925B-38CF7B2BB7B2} = {7226E182-60C3-48E8-8022-A3A7E9426AE5}
		{EA92E13B-2612-472A-86C5-B98908FE1C52} = {70D0A0D0-4ADA-44CB-AF9A-F4F297E49B7F}
		{AF0161F0-6AB1-47E7-9B43-B63B1CA213C1} = {70D0A0D0-4ADA-44CB-AF9A-F4F297E49B7F}
		{229A0CB2-4CED-4045-91E1-FA4CD4AD7FE7} = {1AA6B984-6A50-4157-925B-38CF7B2BB7B2}
		{AD652912-739C-4B6C-9439-7A30980BF3F9} = {1AA6B984-6A50-4157-925B-38CF7B2BB7B2}
		{C51FEA84-35CB-45F7-A740-EF3F4968F9CF} = {8EB0CDC3-1AE5-4A9F-B1CD-0862E07D9FAE}
		{BD0C8734-2195-48D4-9BC3-610264F74E28} = {8EB0CDC3-1AE5-4A9F-B1CD-0862E07D9FAE}
		{F81067C9-920F-4FAA-8EE8-866C4CD034AB} = {2D1B9AAE-83B9-407D-9333-D8B23A0E4E98}
		{C64CDB2A-DBB6-43CD-8D14-9141BF68C8FA} = {2D1B9AAE-83B9-407D-9333-D8B23A0E4E98}
		{0EF5AEA2-87CD-4DC2-A257-3316EE575DB8} = {04786C4B-BD47-42D8-8F6B-773328013BC6}
		{065D167E-2344-4303-A05A-B4D0F53F6A68} = {04786C4B-BD47-42D8-8F6B-773328013BC6}
		{DB082338-23EC-46F6-BA21-CBA737E20F3B} = {8EB0CDC3-1AE5-4A9F-B1CD-0862E07D9FAE}
		{57EEC3DB-7602-4035-ABCF-0A97C792CEBF} = {2D1B9AAE-83B9-407D-9333-D8B23A0E4E98}
		{1F202709-EC6A-4442-8402-461E8C5362F1} = {04786C4B-BD47-42D8-8F6B-773328013BC6}
		{68D70CBB-637C-4720-B97D-C30F7F753152} = {C51FEA84-35CB-45F7-A740-EF3F4968F9CF}
		{D07756FF-EFAD-48C4-9DE5-12EB1FB4654E} = {BD0C8734-2195-48D4-9BC3-610264F74E28}
		{3D025909-1814-4572-8213-FE50726BE4D9} = {BD0C8734-2195-48D4-9BC3-610264F74E28}
		{9945B9A8-B539-4168-A78E-603959648D75} = {F81067C9-920F-4FAA-8EE8-866C4CD034AB}
		{C586FBF0-09F4-4384-B242-6C839E610EB1} = {C64CDB2A-DBB6-43CD-8D14-9141BF68C8FA}
		{40B768A4-4A3D-4CE3-AD41-3C69A058A7D5} = {C64CDB2A-DBB6-43CD-8D14-9141BF68C8FA}
		{49388DB3-7AE2-4929-A098-E0ACD1991A7F} = {0EF5AEA2-87CD-4DC2-A257-3316EE575DB8}
		{90420310-966E-438D-AE3C-3E868842A8A6} = {065D167E-2344-4303-A05A-B4D0F53F6A68}
		{993EB31A-9C2C-41B6-B275-E0792E0DBF63} = {065D167E-2344-4303-A05A-B4D0F53F6A68}
		{55AC1023-E340-4A75-9BDA-2D9557545EFD} = {C51FEA84-35CB-45F7-A740-EF3F4968F9CF}
		{657F048B-6B8C-4885-9F50-303D253A41E7} = {F81067C9-920F-4FAA-8EE8-866C4CD034AB}
		{6DD1B768-C687-488B-902C-9885E4993DF1} = {0EF5AEA2-87CD-4DC2-A257-3316EE575DB8}
		{2EBFC2E2-8F00-477B-BA47-001982A6A34A} = {6C757CF0-081D-411A-9DB6-646BA9D8877E}
		{E49B805F-ACC3-419E-A6AE-301B40C22EF9} = {6C757CF0-081D-411A-9DB6-646BA9D8877E}
		{70544612-DBF7-47A2-928C-4D83CE4AF1FF} = {2EBFC2E2-8F00-477B-BA47-001982A6A34A}
		{41DD3741-0B73-482D-B0B5-5687B793CA3A} = {2EBFC2E2-8F00-477B-BA47-001982A6A34A}
		{E347056E-E561-463B-BE89-32381D5ED551} = {E49B805F-ACC3-419E-A6AE-301B40C22EF9}
		{9C33D0C5-2B3E-4317-B452-3AAD79F38826} = {E49B805F-ACC3-419E-A6AE-301B40C22EF9}
		{CD97328A-1E98-4650-A644-E506CDA7EF35} = {6C757CF0-081D-411A-9DB6-646BA9D8877E}
		{08220095-283E-4C33-8FD8-B60337FDF947} = {63DB7D60-A42D-439C-A1FA-551D5E404E7D}
		{FD1E7373-1D0F-49F9-969F-3FA562D0D8B9} = {0A52370E-FA74-41F0-9878-235BB68C1517}
		{79819481-E9C3-45CF-8A97-B58D4398D11C} = {5C509191-4504-4F3C-BD85-38D096AB3C5C}
		{BDB58EF7-3859-4725-89E0-C46B5DC5DD96} = {EDF10448-D2B9-4B5C-B9DA-501AA1AF233A}
	EndGlobalSection
	GlobalSection(ExtensibilityGlobals) = postSolution
		SolutionGuid = {295CC99E-F40E-4436-85D7-DB4DA904E6F8}
	EndGlobalSection
EndGlobal
